
Microsoft Visual Studio Solution File, Format Version 12.00
# Visual Studio Version 16
VisualStudioVersion = 16.0.31410.357
MinimumVisualStudioVersion = 10.0.40219.1
Project("{FAE04EC0-301F-11D3-BF4B-00C04F79EFBC}") = "Business", "Business\Business.csproj", "{84B6F95C-C747-4D8A-9225-90E153B88AEA}"
EndProject
Project("{FAE04EC0-301F-11D3-BF4B-00C04F79EFBC}") = "Core", "Core\Core.csproj", "{53FE17A7-6D23-454E-AF7D-9318C0B9221F}"
EndProject
Project("{FAE04EC0-301F-11D3-BF4B-00C04F79EFBC}") = "DataAccess", "DataAccess\DataAccess.csproj", "{0D0A9A2E-8546-4F31-B147-499FC590EA12}"
EndProject
Project("{FAE04EC0-301F-11D3-BF4B-00C04F79EFBC}") = "Entities", "Entities\Entities.csproj", "{6B58F8B1-DFAA-445C-B7AE-AE379543255E}"
EndProject
Project("{FAE04EC0-301F-11D3-BF4B-00C04F79EFBC}") = "WebAPI", "WebAPI\WebAPI.csproj", "{D2E28477-8AE8-4E49-A37C-E3BB21BD9C1E}"
EndProject
Global
	GlobalSection(SolutionConfigurationPlatforms) = preSolution
		Debug|Any CPU = Debug|Any CPU
		Release|Any CPU = Release|Any CPU
	EndGlobalSection
	GlobalSection(ProjectConfigurationPlatforms) = postSolution
		{84B6F95C-C747-4D8A-9225-90E153B88AEA}.Debug|Any CPU.ActiveCfg = Debug|Any CPU
		{84B6F95C-C747-4D8A-9225-90E153B88AEA}.Debug|Any CPU.Build.0 = Debug|Any CPU
		{84B6F95C-C747-4D8A-9225-90E153B88AEA}.Release|Any CPU.ActiveCfg = Release|Any CPU
		{84B6F95C-C747-4D8A-9225-90E153B88AEA}.Release|Any CPU.Build.0 = Release|Any CPU
		{53FE17A7-6D23-454E-AF7D-9318C0B9221F}.Debug|Any CPU.ActiveCfg = Debug|Any CPU
		{53FE17A7-6D23-454E-AF7D-9318C0B9221F}.Debug|Any CPU.Build.0 = Debug|Any CPU
		{53FE17A7-6D23-454E-AF7D-9318C0B9221F}.Release|Any CPU.ActiveCfg = Release|Any CPU
		{53FE17A7-6D23-454E-AF7D-9318C0B9221F}.Release|Any CPU.Build.0 = Release|Any CPU
		{0D0A9A2E-8546-4F31-B147-499FC590EA12}.Debug|Any CPU.ActiveCfg = Debug|Any CPU
		{0D0A9A2E-8546-4F31-B147-499FC590EA12}.Debug|Any CPU.Build.0 = Debug|Any CPU
		{0D0A9A2E-8546-4F31-B147-499FC590EA12}.Release|Any CPU.ActiveCfg = Release|Any CPU
		{0D0A9A2E-8546-4F31-B147-499FC590EA12}.Release|Any CPU.Build.0 = Release|Any CPU
		{6B58F8B1-DFAA-445C-B7AE-AE379543255E}.Debug|Any CPU.ActiveCfg = Debug|Any CPU
		{6B58F8B1-DFAA-445C-B7AE-AE379543255E}.Debug|Any CPU.Build.0 = Debug|Any CPU
		{6B58F8B1-DFAA-445C-B7AE-AE379543255E}.Release|Any CPU.ActiveCfg = Release|Any CPU
		{6B58F8B1-DFAA-445C-B7AE-AE379543255E}.Release|Any CPU.Build.0 = Release|Any CPU
		{D2E28477-8AE8-4E49-A37C-E3BB21BD9C1E}.Debug|Any CPU.ActiveCfg = Debug|Any CPU
		{D2E28477-8AE8-4E49-A37C-E3BB21BD9C1E}.Debug|Any CPU.Build.0 = Debug|Any CPU
		{D2E28477-8AE8-4E49-A37C-E3BB21BD9C1E}.Release|Any CPU.ActiveCfg = Release|Any CPU
		{D2E28477-8AE8-4E49-A37C-E3BB21BD9C1E}.Release|Any CPU.Build.0 = Release|Any CPU
	EndGlobalSection
	GlobalSection(SolutionProperties) = preSolution
		HideSolutionNode = FALSE
	EndGlobalSection
	GlobalSection(ExtensibilityGlobals) = postSolution
		SolutionGuid = {D994DBE5-AE78-4469-87E1-52D46A3C9B4C}
	EndGlobalSection
EndGlobal
